
Microsoft Visual Studio Solution File, Format Version 12.00
# Visual Studio 2010
Project("{8BC9CEB8-8B4A-11D0-8D11-00A0C91BC942}") = "TestCdma", "TestCdma.vcxproj", "{0A809BE1-4DD5-4879-8458-02FC095FFFD2}"
EndProject
Project("{8BC9CEB8-8B4A-11D0-8D11-00A0C91BC942}") = "TestThroughput", "TestThroughput.vcxproj", "{EA158702-8467-4D5D-BA9A-C934E5942D64}"
EndProject
Global
	GlobalSection(SolutionConfigurationPlatforms) = preSolution
		Debug|Win32 = Debug|Win32
		Release|Win32 = Release|Win32
	EndGlobalSection
	GlobalSection(ProjectConfigurationPlatforms) = postSolution
		{0A809BE1-4DD5-4879-8458-02FC095FFFD2}.Debug|Win32.ActiveCfg = Debug|Win32
		{0A809BE1-4DD5-4879-8458-02FC095FFFD2}.Debug|Win32.Build.0 = Debug|Win32
		{0A809BE1-4DD5-4879-8458-02FC095FFFD2}.Release|Win32.ActiveCfg = Release|Win32
		{0A809BE1-4DD5-4879-8458-02FC095FFFD2}.Release|Win32.Build.0 = Release|Win32
		{EA158702-8467-4D5D-BA9A-C934E5942D64}.Debug|Win32.ActiveCfg = Debug|Win32
		{EA158702-8467-4D5D-BA9A-C934E5942D64}.Debug|Win32.Build.0 = Debug|Win32
		{EA158702-8467-4D5D-BA9A-C934E5942D64}.Release|Win32.ActiveCfg = Release|Win32
		{EA158702-8467-4D5D-BA9A-C934E5942D64}.Release|Win32.Build.0 = Release|Win32
	EndGlobalSection
	GlobalSection(SolutionProperties) = preSolution
		HideSolutionNode = FALSE
	EndGlobalSection
EndGlobal
